// !$*UTF8*$!
{
	archiveVersion = 1;
	classes = {
	};
	objectVersion = 50;
	objects = {

/* Begin PBXBuildFile section */
		B3FF1BDF2721358B003319CB /* AppDelegate.swift in Sources */ = {isa = PBXBuildFile; fileRef = B3FF1BDE2721358B003319CB /* AppDelegate.swift */; };
		B3FF1BE12721358B003319CB /* SceneDelegate.swift in Sources */ = {isa = PBXBuildFile; fileRef = B3FF1BE02721358B003319CB /* SceneDelegate.swift */; };
		B3FF1BE32721358B003319CB /* InitialVC.swift in Sources */ = {isa = PBXBuildFile; fileRef = B3FF1BE22721358B003319CB /* InitialVC.swift */; };
		B3FF1BE827213592003319CB /* Assets.xcassets in Resources */ = {isa = PBXBuildFile; fileRef = B3FF1BE727213592003319CB /* Assets.xcassets */; };
		B3FF1BEB27213592003319CB /* LaunchScreen.storyboard in Resources */ = {isa = PBXBuildFile; fileRef = B3FF1BE927213592003319CB /* LaunchScreen.storyboard */; };
		B3FF1BF627213592003319CB /* SMSTheBestTests.swift in Sources */ = {isa = PBXBuildFile; fileRef = B3FF1BF527213592003319CB /* SMSTheBestTests.swift */; };
		B3FF1C0127213592003319CB /* SMSTheBestUITests.swift in Sources */ = {isa = PBXBuildFile; fileRef = B3FF1C0027213592003319CB /* SMSTheBestUITests.swift */; };
		B3FF1C1127257043003319CB /* InitialView.swift in Sources */ = {isa = PBXBuildFile; fileRef = B3FF1C1027257043003319CB /* InitialView.swift */; };
		B3FF1C1327257191003319CB /* InitialViewProtocol.swift in Sources */ = {isa = PBXBuildFile; fileRef = B3FF1C1227257191003319CB /* InitialViewProtocol.swift */; };
		B3FF1C1A27258527003319CB /* SMSButtonProtocol.swift in Sources */ = {isa = PBXBuildFile; fileRef = B3FF1C1927258527003319CB /* SMSButtonProtocol.swift */; };
		B3FF1C1C272585BE003319CB /* SMSButton.swift in Sources */ = {isa = PBXBuildFile; fileRef = B3FF1C1B272585BE003319CB /* SMSButton.swift */; };
		B3FF1C1F27258D95003319CB /* UIView+Ext.swift in Sources */ = {isa = PBXBuildFile; fileRef = B3FF1C1E27258D95003319CB /* UIView+Ext.swift */; };
		B3FF1C22272590DD003319CB /* Constants.swift in Sources */ = {isa = PBXBuildFile; fileRef = B3FF1C21272590DD003319CB /* Constants.swift */; };
/* End PBXBuildFile section */

/* Begin PBXContainerItemProxy section */
		B3FF1BF227213592003319CB /* PBXContainerItemProxy */ = {
			isa = PBXContainerItemProxy;
			containerPortal = B3FF1BD32721358B003319CB /* Project object */;
			proxyType = 1;
			remoteGlobalIDString = B3FF1BDA2721358B003319CB;
			remoteInfo = SMSTheBest;
		};
		B3FF1BFD27213592003319CB /* PBXContainerItemProxy */ = {
			isa = PBXContainerItemProxy;
			containerPortal = B3FF1BD32721358B003319CB /* Project object */;
			proxyType = 1;
			remoteGlobalIDString = B3FF1BDA2721358B003319CB;
			remoteInfo = SMSTheBest;
		};
/* End PBXContainerItemProxy section */

/* Begin PBXFileReference section */
		B3FF1BDB2721358B003319CB /* SMSTheBest.app */ = {isa = PBXFileReference; explicitFileType = wrapper.application; includeInIndex = 0; path = SMSTheBest.app; sourceTree = BUILT_PRODUCTS_DIR; };
		B3FF1BDE2721358B003319CB /* AppDelegate.swift */ = {isa = PBXFileReference; lastKnownFileType = sourcecode.swift; path = AppDelegate.swift; sourceTree = "<group>"; };
		B3FF1BE02721358B003319CB /* SceneDelegate.swift */ = {isa = PBXFileReference; lastKnownFileType = sourcecode.swift; path = SceneDelegate.swift; sourceTree = "<group>"; };
		B3FF1BE22721358B003319CB /* InitialVC.swift */ = {isa = PBXFileReference; lastKnownFileType = sourcecode.swift; path = InitialVC.swift; sourceTree = "<group>"; };
		B3FF1BE727213592003319CB /* Assets.xcassets */ = {isa = PBXFileReference; lastKnownFileType = folder.assetcatalog; path = Assets.xcassets; sourceTree = "<group>"; };
		B3FF1BEA27213592003319CB /* Base */ = {isa = PBXFileReference; lastKnownFileType = file.storyboard; name = Base; path = Base.lproj/LaunchScreen.storyboard; sourceTree = "<group>"; };
		B3FF1BEC27213592003319CB /* Info.plist */ = {isa = PBXFileReference; lastKnownFileType = text.plist.xml; path = Info.plist; sourceTree = "<group>"; };
		B3FF1BF127213592003319CB /* SMSTheBestTests.xctest */ = {isa = PBXFileReference; explicitFileType = wrapper.cfbundle; includeInIndex = 0; path = SMSTheBestTests.xctest; sourceTree = BUILT_PRODUCTS_DIR; };
		B3FF1BF527213592003319CB /* SMSTheBestTests.swift */ = {isa = PBXFileReference; lastKnownFileType = sourcecode.swift; path = SMSTheBestTests.swift; sourceTree = "<group>"; };
		B3FF1BF727213592003319CB /* Info.plist */ = {isa = PBXFileReference; lastKnownFileType = text.plist.xml; path = Info.plist; sourceTree = "<group>"; };
		B3FF1BFC27213592003319CB /* SMSTheBestUITests.xctest */ = {isa = PBXFileReference; explicitFileType = wrapper.cfbundle; includeInIndex = 0; path = SMSTheBestUITests.xctest; sourceTree = BUILT_PRODUCTS_DIR; };
		B3FF1C0027213592003319CB /* SMSTheBestUITests.swift */ = {isa = PBXFileReference; lastKnownFileType = sourcecode.swift; path = SMSTheBestUITests.swift; sourceTree = "<group>"; };
		B3FF1C0227213592003319CB /* Info.plist */ = {isa = PBXFileReference; lastKnownFileType = text.plist.xml; path = Info.plist; sourceTree = "<group>"; };
		B3FF1C1027257043003319CB /* InitialView.swift */ = {isa = PBXFileReference; lastKnownFileType = sourcecode.swift; path = InitialView.swift; sourceTree = "<group>"; };
		B3FF1C1227257191003319CB /* InitialViewProtocol.swift */ = {isa = PBXFileReference; lastKnownFileType = sourcecode.swift; path = InitialViewProtocol.swift; sourceTree = "<group>"; };
		B3FF1C1927258527003319CB /* SMSButtonProtocol.swift */ = {isa = PBXFileReference; lastKnownFileType = sourcecode.swift; path = SMSButtonProtocol.swift; sourceTree = "<group>"; };
		B3FF1C1B272585BE003319CB /* SMSButton.swift */ = {isa = PBXFileReference; lastKnownFileType = sourcecode.swift; path = SMSButton.swift; sourceTree = "<group>"; };
		B3FF1C1E27258D95003319CB /* UIView+Ext.swift */ = {isa = PBXFileReference; lastKnownFileType = sourcecode.swift; path = "UIView+Ext.swift"; sourceTree = "<group>"; };
		B3FF1C21272590DD003319CB /* Constants.swift */ = {isa = PBXFileReference; lastKnownFileType = sourcecode.swift; path = Constants.swift; sourceTree = "<group>"; };
/* End PBXFileReference section */

/* Begin PBXFrameworksBuildPhase section */
		B3FF1BD82721358B003319CB /* Frameworks */ = {
			isa = PBXFrameworksBuildPhase;
			buildActionMask = 2147483647;
			files = (
			);
			runOnlyForDeploymentPostprocessing = 0;
		};
		B3FF1BEE27213592003319CB /* Frameworks */ = {
			isa = PBXFrameworksBuildPhase;
			buildActionMask = 2147483647;
			files = (
			);
			runOnlyForDeploymentPostprocessing = 0;
		};
		B3FF1BF927213592003319CB /* Frameworks */ = {
			isa = PBXFrameworksBuildPhase;
			buildActionMask = 2147483647;
			files = (
			);
			runOnlyForDeploymentPostprocessing = 0;
		};
/* End PBXFrameworksBuildPhase section */

/* Begin PBXGroup section */
		B3FF1BD22721358B003319CB = {
			isa = PBXGroup;
			children = (
				B3FF1C20272590C5003319CB /* Utilities */,
				B3FF1BDD2721358B003319CB /* SMSTheBest */,
				B3FF1BF427213592003319CB /* SMSTheBestTests */,
				B3FF1BFF27213592003319CB /* SMSTheBestUITests */,
				B3FF1BDC2721358B003319CB /* Products */,
			);
			sourceTree = "<group>";
		};
		B3FF1BDC2721358B003319CB /* Products */ = {
			isa = PBXGroup;
			children = (
				B3FF1BDB2721358B003319CB /* SMSTheBest.app */,
				B3FF1BF127213592003319CB /* SMSTheBestTests.xctest */,
				B3FF1BFC27213592003319CB /* SMSTheBestUITests.xctest */,
			);
			name = Products;
			sourceTree = "<group>";
		};
		B3FF1BDD2721358B003319CB /* SMSTheBest */ = {
			isa = PBXGroup;
			children = (
				B3FF1C1D27258D60003319CB /* Extensions */,
				B3FF1C1427257504003319CB /* Buttons */,
				B3FF1C0E27256DE1003319CB /* SignInSignUP */,
				B3FF1BDE2721358B003319CB /* AppDelegate.swift */,
				B3FF1BE02721358B003319CB /* SceneDelegate.swift */,
				B3FF1BE727213592003319CB /* Assets.xcassets */,
				B3FF1BE927213592003319CB /* LaunchScreen.storyboard */,
				B3FF1BEC27213592003319CB /* Info.plist */,
			);
			path = SMSTheBest;
			sourceTree = "<group>";
		};
		B3FF1BF427213592003319CB /* SMSTheBestTests */ = {
			isa = PBXGroup;
			children = (
				B3FF1BF527213592003319CB /* SMSTheBestTests.swift */,
				B3FF1BF727213592003319CB /* Info.plist */,
			);
			path = SMSTheBestTests;
			sourceTree = "<group>";
		};
		B3FF1BFF27213592003319CB /* SMSTheBestUITests */ = {
			isa = PBXGroup;
			children = (
				B3FF1C0027213592003319CB /* SMSTheBestUITests.swift */,
				B3FF1C0227213592003319CB /* Info.plist */,
			);
			path = SMSTheBestUITests;
			sourceTree = "<group>";
		};
		B3FF1C0E27256DE1003319CB /* SignInSignUP */ = {
			isa = PBXGroup;
			children = (
				B3FF1C0F27257003003319CB /* InitialScreen */,
			);
			path = SignInSignUP;
			sourceTree = "<group>";
		};
		B3FF1C0F27257003003319CB /* InitialScreen */ = {
			isa = PBXGroup;
			children = (
				B3FF1BE22721358B003319CB /* InitialVC.swift */,
				B3FF1C1027257043003319CB /* InitialView.swift */,
				B3FF1C1227257191003319CB /* InitialViewProtocol.swift */,
			);
			path = InitialScreen;
			sourceTree = "<group>";
		};
		B3FF1C1427257504003319CB /* Buttons */ = {
			isa = PBXGroup;
			children = (
				B3FF1C1927258527003319CB /* SMSButtonProtocol.swift */,
				B3FF1C1B272585BE003319CB /* SMSButton.swift */,
			);
			path = Buttons;
			sourceTree = "<group>";
		};
		B3FF1C1D27258D60003319CB /* Extensions */ = {
			isa = PBXGroup;
			children = (
				B3FF1C1E27258D95003319CB /* UIView+Ext.swift */,
			);
			path = Extensions;
			sourceTree = "<group>";
		};
		B3FF1C20272590C5003319CB /* Utilities */ = {
			isa = PBXGroup;
			children = (
				B3FF1C21272590DD003319CB /* Constants.swift */,
			);
			path = Utilities;
			sourceTree = "<group>";
		};
/* End PBXGroup section */

/* Begin PBXNativeTarget section */
		B3FF1BDA2721358B003319CB /* SMSTheBest */ = {
			isa = PBXNativeTarget;
			buildConfigurationList = B3FF1C0527213592003319CB /* Build configuration list for PBXNativeTarget "SMSTheBest" */;
			buildPhases = (
				B3FF1BD72721358B003319CB /* Sources */,
				B3FF1BD82721358B003319CB /* Frameworks */,
				B3FF1BD92721358B003319CB /* Resources */,
			);
			buildRules = (
			);
			dependencies = (
			);
			name = SMSTheBest;
			productName = SMSTheBest;
			productReference = B3FF1BDB2721358B003319CB /* SMSTheBest.app */;
			productType = "com.apple.product-type.application";
		};
		B3FF1BF027213592003319CB /* SMSTheBestTests */ = {
			isa = PBXNativeTarget;
			buildConfigurationList = B3FF1C0827213592003319CB /* Build configuration list for PBXNativeTarget "SMSTheBestTests" */;
			buildPhases = (
				B3FF1BED27213592003319CB /* Sources */,
				B3FF1BEE27213592003319CB /* Frameworks */,
				B3FF1BEF27213592003319CB /* Resources */,
			);
			buildRules = (
			);
			dependencies = (
				B3FF1BF327213592003319CB /* PBXTargetDependency */,
			);
			name = SMSTheBestTests;
			productName = SMSTheBestTests;
			productReference = B3FF1BF127213592003319CB /* SMSTheBestTests.xctest */;
			productType = "com.apple.product-type.bundle.unit-test";
		};
		B3FF1BFB27213592003319CB /* SMSTheBestUITests */ = {
			isa = PBXNativeTarget;
			buildConfigurationList = B3FF1C0B27213592003319CB /* Build configuration list for PBXNativeTarget "SMSTheBestUITests" */;
			buildPhases = (
				B3FF1BF827213592003319CB /* Sources */,
				B3FF1BF927213592003319CB /* Frameworks */,
				B3FF1BFA27213592003319CB /* Resources */,
			);
			buildRules = (
			);
			dependencies = (
				B3FF1BFE27213592003319CB /* PBXTargetDependency */,
			);
			name = SMSTheBestUITests;
			productName = SMSTheBestUITests;
			productReference = B3FF1BFC27213592003319CB /* SMSTheBestUITests.xctest */;
			productType = "com.apple.product-type.bundle.ui-testing";
		};
/* End PBXNativeTarget section */

/* Begin PBXProject section */
		B3FF1BD32721358B003319CB /* Project object */ = {
			isa = PBXProject;
			attributes = {
				LastSwiftUpdateCheck = 1250;
				LastUpgradeCheck = 1250;
				TargetAttributes = {
					B3FF1BDA2721358B003319CB = {
						CreatedOnToolsVersion = 12.5.1;
					};
					B3FF1BF027213592003319CB = {
						CreatedOnToolsVersion = 12.5.1;
						TestTargetID = B3FF1BDA2721358B003319CB;
					};
					B3FF1BFB27213592003319CB = {
						CreatedOnToolsVersion = 12.5.1;
						TestTargetID = B3FF1BDA2721358B003319CB;
					};
				};
			};
			buildConfigurationList = B3FF1BD62721358B003319CB /* Build configuration list for PBXProject "SMSTheBest" */;
			compatibilityVersion = "Xcode 9.3";
			developmentRegion = en;
			hasScannedForEncodings = 0;
			knownRegions = (
				en,
				Base,
			);
			mainGroup = B3FF1BD22721358B003319CB;
			productRefGroup = B3FF1BDC2721358B003319CB /* Products */;
			projectDirPath = "";
			projectRoot = "";
			targets = (
				B3FF1BDA2721358B003319CB /* SMSTheBest */,
				B3FF1BF027213592003319CB /* SMSTheBestTests */,
				B3FF1BFB27213592003319CB /* SMSTheBestUITests */,
			);
		};
/* End PBXProject section */

/* Begin PBXResourcesBuildPhase section */
		B3FF1BD92721358B003319CB /* Resources */ = {
			isa = PBXResourcesBuildPhase;
			buildActionMask = 2147483647;
			files = (
				B3FF1BEB27213592003319CB /* LaunchScreen.storyboard in Resources */,
				B3FF1BE827213592003319CB /* Assets.xcassets in Resources */,
			);
			runOnlyForDeploymentPostprocessing = 0;
		};
		B3FF1BEF27213592003319CB /* Resources */ = {
			isa = PBXResourcesBuildPhase;
			buildActionMask = 2147483647;
			files = (
			);
			runOnlyForDeploymentPostprocessing = 0;
		};
		B3FF1BFA27213592003319CB /* Resources */ = {
			isa = PBXResourcesBuildPhase;
			buildActionMask = 2147483647;
			files = (
			);
			runOnlyForDeploymentPostprocessing = 0;
		};
/* End PBXResourcesBuildPhase section */

/* Begin PBXSourcesBuildPhase section */
		B3FF1BD72721358B003319CB /* Sources */ = {
			isa = PBXSourcesBuildPhase;
			buildActionMask = 2147483647;
			files = (
				B3FF1C1F27258D95003319CB /* UIView+Ext.swift in Sources */,
				B3FF1BE32721358B003319CB /* InitialVC.swift in Sources */,
				B3FF1C1127257043003319CB /* InitialView.swift in Sources */,
				B3FF1BDF2721358B003319CB /* AppDelegate.swift in Sources */,
				B3FF1C1A27258527003319CB /* SMSButtonProtocol.swift in Sources */,
				B3FF1C1C272585BE003319CB /* SMSButton.swift in Sources */,
				B3FF1C1327257191003319CB /* InitialViewProtocol.swift in Sources */,
				B3FF1BE12721358B003319CB /* SceneDelegate.swift in Sources */,
				B3FF1C22272590DD003319CB /* Constants.swift in Sources */,
			);
			runOnlyForDeploymentPostprocessing = 0;
		};
		B3FF1BED27213592003319CB /* Sources */ = {
			isa = PBXSourcesBuildPhase;
			buildActionMask = 2147483647;
			files = (
				B3FF1BF627213592003319CB /* SMSTheBestTests.swift in Sources */,
			);
			runOnlyForDeploymentPostprocessing = 0;
		};
		B3FF1BF827213592003319CB /* Sources */ = {
			isa = PBXSourcesBuildPhase;
			buildActionMask = 2147483647;
			files = (
				B3FF1C0127213592003319CB /* SMSTheBestUITests.swift in Sources */,
			);
			runOnlyForDeploymentPostprocessing = 0;
		};
/* End PBXSourcesBuildPhase section */

/* Begin PBXTargetDependency section */
		B3FF1BF327213592003319CB /* PBXTargetDependency */ = {
			isa = PBXTargetDependency;
			target = B3FF1BDA2721358B003319CB /* SMSTheBest */;
			targetProxy = B3FF1BF227213592003319CB /* PBXContainerItemProxy */;
		};
		B3FF1BFE27213592003319CB /* PBXTargetDependency */ = {
			isa = PBXTargetDependency;
			target = B3FF1BDA2721358B003319CB /* SMSTheBest */;
			targetProxy = B3FF1BFD27213592003319CB /* PBXContainerItemProxy */;
		};
/* End PBXTargetDependency section */

/* Begin PBXVariantGroup section */
		B3FF1BE927213592003319CB /* LaunchScreen.storyboard */ = {
			isa = PBXVariantGroup;
			children = (
				B3FF1BEA27213592003319CB /* Base */,
			);
			name = LaunchScreen.storyboard;
			sourceTree = "<group>";
		};
/* End PBXVariantGroup section */

/* Begin XCBuildConfiguration section */
		B3FF1C0327213592003319CB /* Debug */ = {
			isa = XCBuildConfiguration;
			buildSettings = {
				ALWAYS_SEARCH_USER_PATHS = NO;
				CLANG_ANALYZER_NONNULL = YES;
				CLANG_ANALYZER_NUMBER_OBJECT_CONVERSION = YES_AGGRESSIVE;
				CLANG_CXX_LANGUAGE_STANDARD = "gnu++14";
				CLANG_CXX_LIBRARY = "libc++";
				CLANG_ENABLE_MODULES = YES;
				CLANG_ENABLE_OBJC_ARC = YES;
				CLANG_ENABLE_OBJC_WEAK = YES;
				CLANG_WARN_BLOCK_CAPTURE_AUTORELEASING = YES;
				CLANG_WARN_BOOL_CONVERSION = YES;
				CLANG_WARN_COMMA = YES;
				CLANG_WARN_CONSTANT_CONVERSION = YES;
				CLANG_WARN_DEPRECATED_OBJC_IMPLEMENTATIONS = YES;
				CLANG_WARN_DIRECT_OBJC_ISA_USAGE = YES_ERROR;
				CLANG_WARN_DOCUMENTATION_COMMENTS = YES;
				CLANG_WARN_EMPTY_BODY = YES;
				CLANG_WARN_ENUM_CONVERSION = YES;
				CLANG_WARN_INFINITE_RECURSION = YES;
				CLANG_WARN_INT_CONVERSION = YES;
				CLANG_WARN_NON_LITERAL_NULL_CONVERSION = YES;
				CLANG_WARN_OBJC_IMPLICIT_RETAIN_SELF = YES;
				CLANG_WARN_OBJC_LITERAL_CONVERSION = YES;
				CLANG_WARN_OBJC_ROOT_CLASS = YES_ERROR;
				CLANG_WARN_QUOTED_INCLUDE_IN_FRAMEWORK_HEADER = YES;
				CLANG_WARN_RANGE_LOOP_ANALYSIS = YES;
				CLANG_WARN_STRICT_PROTOTYPES = YES;
				CLANG_WARN_SUSPICIOUS_MOVE = YES;
				CLANG_WARN_UNGUARDED_AVAILABILITY = YES_AGGRESSIVE;
				CLANG_WARN_UNREACHABLE_CODE = YES;
				CLANG_WARN__DUPLICATE_METHOD_MATCH = YES;
				COPY_PHASE_STRIP = NO;
				DEBUG_INFORMATION_FORMAT = dwarf;
				ENABLE_STRICT_OBJC_MSGSEND = YES;
				ENABLE_TESTABILITY = YES;
				GCC_C_LANGUAGE_STANDARD = gnu11;
				GCC_DYNAMIC_NO_PIC = NO;
				GCC_NO_COMMON_BLOCKS = YES;
				GCC_OPTIMIZATION_LEVEL = 0;
				GCC_PREPROCESSOR_DEFINITIONS = (
					"DEBUG=1",
					"$(inherited)",
				);
				GCC_WARN_64_TO_32_BIT_CONVERSION = YES;
				GCC_WARN_ABOUT_RETURN_TYPE = YES_ERROR;
				GCC_WARN_UNDECLARED_SELECTOR = YES;
				GCC_WARN_UNINITIALIZED_AUTOS = YES_AGGRESSIVE;
				GCC_WARN_UNUSED_FUNCTION = YES;
				GCC_WARN_UNUSED_VARIABLE = YES;
				IPHONEOS_DEPLOYMENT_TARGET = 14.5;
				MTL_ENABLE_DEBUG_INFO = INCLUDE_SOURCE;
				MTL_FAST_MATH = YES;
				ONLY_ACTIVE_ARCH = YES;
				SDKROOT = iphoneos;
				SWIFT_ACTIVE_COMPILATION_CONDITIONS = DEBUG;
				SWIFT_OPTIMIZATION_LEVEL = "-Onone";
			};
			name = Debug;
		};
		B3FF1C0427213592003319CB /* Release */ = {
			isa = XCBuildConfiguration;
			buildSettings = {
				ALWAYS_SEARCH_USER_PATHS = NO;
				CLANG_ANALYZER_NONNULL = YES;
				CLANG_ANALYZER_NUMBER_OBJECT_CONVERSION = YES_AGGRESSIVE;
				CLANG_CXX_LANGUAGE_STANDARD = "gnu++14";
				CLANG_CXX_LIBRARY = "libc++";
				CLANG_ENABLE_MODULES = YES;
				CLANG_ENABLE_OBJC_ARC = YES;
				CLANG_ENABLE_OBJC_WEAK = YES;
				CLANG_WARN_BLOCK_CAPTURE_AUTORELEASING = YES;
				CLANG_WARN_BOOL_CONVERSION = YES;
				CLANG_WARN_COMMA = YES;
				CLANG_WARN_CONSTANT_CONVERSION = YES;
				CLANG_WARN_DEPRECATED_OBJC_IMPLEMENTATIONS = YES;
				CLANG_WARN_DIRECT_OBJC_ISA_USAGE = YES_ERROR;
				CLANG_WARN_DOCUMENTATION_COMMENTS = YES;
				CLANG_WARN_EMPTY_BODY = YES;
				CLANG_WARN_ENUM_CONVERSION = YES;
				CLANG_WARN_INFINITE_RECURSION = YES;
				CLANG_WARN_INT_CONVERSION = YES;
				CLANG_WARN_NON_LITERAL_NULL_CONVERSION = YES;
				CLANG_WARN_OBJC_IMPLICIT_RETAIN_SELF = YES;
				CLANG_WARN_OBJC_LITERAL_CONVERSION = YES;
				CLANG_WARN_OBJC_ROOT_CLASS = YES_ERROR;
				CLANG_WARN_QUOTED_INCLUDE_IN_FRAMEWORK_HEADER = YES;
				CLANG_WARN_RANGE_LOOP_ANALYSIS = YES;
				CLANG_WARN_STRICT_PROTOTYPES = YES;
				CLANG_WARN_SUSPICIOUS_MOVE = YES;
				CLANG_WARN_UNGUARDED_AVAILABILITY = YES_AGGRESSIVE;
				CLANG_WARN_UNREACHABLE_CODE = YES;
				CLANG_WARN__DUPLICATE_METHOD_MATCH = YES;
				COPY_PHASE_STRIP = NO;
				DEBUG_INFORMATION_FORMAT = "dwarf-with-dsym";
				ENABLE_NS_ASSERTIONS = NO;
				ENABLE_STRICT_OBJC_MSGSEND = YES;
				GCC_C_LANGUAGE_STANDARD = gnu11;
				GCC_NO_COMMON_BLOCKS = YES;
				GCC_WARN_64_TO_32_BIT_CONVERSION = YES;
				GCC_WARN_ABOUT_RETURN_TYPE = YES_ERROR;
				GCC_WARN_UNDECLARED_SELECTOR = YES;
				GCC_WARN_UNINITIALIZED_AUTOS = YES_AGGRESSIVE;
				GCC_WARN_UNUSED_FUNCTION = YES;
				GCC_WARN_UNUSED_VARIABLE = YES;
				IPHONEOS_DEPLOYMENT_TARGET = 14.5;
				MTL_ENABLE_DEBUG_INFO = NO;
				MTL_FAST_MATH = YES;
				SDKROOT = iphoneos;
				SWIFT_COMPILATION_MODE = wholemodule;
				SWIFT_OPTIMIZATION_LEVEL = "-O";
				VALIDATE_PRODUCT = YES;
			};
			name = Release;
		};
		B3FF1C0627213592003319CB /* Debug */ = {
			isa = XCBuildConfiguration;
			buildSettings = {
				ASSETCATALOG_COMPILER_APPICON_NAME = AppIcon;
				ASSETCATALOG_COMPILER_GLOBAL_ACCENT_COLOR_NAME = AccentColor;
				CODE_SIGN_STYLE = Automatic;
				DEVELOPMENT_TEAM = C2NP986THG;
				INFOPLIST_FILE = SMSTheBest/Info.plist;
				LD_RUNPATH_SEARCH_PATHS = (
					"$(inherited)",
					"@executable_path/Frameworks",
				);
				PRODUCT_BUNDLE_IDENTIFIER = Leonid.SMSTheBest;
				PRODUCT_NAME = "$(TARGET_NAME)";
				SWIFT_VERSION = 5.0;
				TARGETED_DEVICE_FAMILY = "1,2";
			};
			name = Debug;
		};
		B3FF1C0727213592003319CB /* Release */ = {
			isa = XCBuildConfiguration;
			buildSettings = {
				ASSETCATALOG_COMPILER_APPICON_NAME = AppIcon;
				ASSETCATALOG_COMPILER_GLOBAL_ACCENT_COLOR_NAME = AccentColor;
				CODE_SIGN_STYLE = Automatic;
				DEVELOPMENT_TEAM = C2NP986THG;
				INFOPLIST_FILE = SMSTheBest/Info.plist;
				LD_RUNPATH_SEARCH_PATHS = (
					"$(inherited)",
					"@executable_path/Frameworks",
				);
				PRODUCT_BUNDLE_IDENTIFIER = Leonid.SMSTheBest;
				PRODUCT_NAME = "$(TARGET_NAME)";
				SWIFT_VERSION = 5.0;
				TARGETED_DEVICE_FAMILY = "1,2";
			};
			name = Release;
		};
		B3FF1C0927213592003319CB /* Debug */ = {
			isa = XCBuildConfiguration;
			buildSettings = {
				ALWAYS_EMBED_SWIFT_STANDARD_LIBRARIES = YES;
				BUNDLE_LOADER = "$(TEST_HOST)";
				CODE_SIGN_STYLE = Automatic;
				DEVELOPMENT_TEAM = C2NP986THG;
				INFOPLIST_FILE = SMSTheBestTests/Info.plist;
				IPHONEOS_DEPLOYMENT_TARGET = 14.5;
				LD_RUNPATH_SEARCH_PATHS = (
					"$(inherited)",
					"@executable_path/Frameworks",
					"@loader_path/Frameworks",
				);
				PRODUCT_BUNDLE_IDENTIFIER = Leonid.SMSTheBestTests;
				PRODUCT_NAME = "$(TARGET_NAME)";
				SWIFT_VERSION = 5.0;
				TARGETED_DEVICE_FAMILY = "1,2";
				TEST_HOST = "$(BUILT_PRODUCTS_DIR)/SMSTheBest.app/SMSTheBest";
			};
			name = Debug;
		};
		B3FF1C0A27213592003319CB /* Release */ = {
			isa = XCBuildConfiguration;
			buildSettings = {
				ALWAYS_EMBED_SWIFT_STANDARD_LIBRARIES = YES;
				BUNDLE_LOADER = "$(TEST_HOST)";
				CODE_SIGN_STYLE = Automatic;
				DEVELOPMENT_TEAM = C2NP986THG;
				INFOPLIST_FILE = SMSTheBestTests/Info.plist;
				IPHONEOS_DEPLOYMENT_TARGET = 14.5;
				LD_RUNPATH_SEARCH_PATHS = (
					"$(inherited)",
					"@executable_path/Frameworks",
					"@loader_path/Frameworks",
				);
				PRODUCT_BUNDLE_IDENTIFIER = Leonid.SMSTheBestTests;
				PRODUCT_NAME = "$(TARGET_NAME)";
				SWIFT_VERSION = 5.0;
				TARGETED_DEVICE_FAMILY = "1,2";
				TEST_HOST = "$(BUILT_PRODUCTS_DIR)/SMSTheBest.app/SMSTheBest";
			};
			name = Release;
		};
		B3FF1C0C27213592003319CB /* Debug */ = {
			isa = XCBuildConfiguration;
			buildSettings = {
				ALWAYS_EMBED_SWIFT_STANDARD_LIBRARIES = YES;
				CODE_SIGN_STYLE = Automatic;
				DEVELOPMENT_TEAM = C2NP986THG;
				INFOPLIST_FILE = SMSTheBestUITests/Info.plist;
				LD_RUNPATH_SEARCH_PATHS = (
					"$(inherited)",
					"@executable_path/Frameworks",
					"@loader_path/Frameworks",
				);
				PRODUCT_BUNDLE_IDENTIFIER = Leonid.SMSTheBestUITests;
				PRODUCT_NAME = "$(TARGET_NAME)";
				SWIFT_VERSION = 5.0;
				TARGETED_DEVICE_FAMILY = "1,2";
				TEST_TARGET_NAME = SMSTheBest;
			};
			name = Debug;
		};
		B3FF1C0D27213592003319CB /* Release */ = {
			isa = XCBuildConfiguration;
			buildSettings = {
				ALWAYS_EMBED_SWIFT_STANDARD_LIBRARIES = YES;
				CODE_SIGN_STYLE = Automatic;
				DEVELOPMENT_TEAM = C2NP986THG;
				INFOPLIST_FILE = SMSTheBestUITests/Info.plist;
				LD_RUNPATH_SEARCH_PATHS = (
					"$(inherited)",
					"@executable_path/Frameworks",
					"@loader_path/Frameworks",
				);
				PRODUCT_BUNDLE_IDENTIFIER = Leonid.SMSTheBestUITests;
				PRODUCT_NAME = "$(TARGET_NAME)";
				SWIFT_VERSION = 5.0;
				TARGETED_DEVICE_FAMILY = "1,2";
				TEST_TARGET_NAME = SMSTheBest;
			};
			name = Release;
		};
/* End XCBuildConfiguration section */

/* Begin XCConfigurationList section */
		B3FF1BD62721358B003319CB /* Build configuration list for PBXProject "SMSTheBest" */ = {
			isa = XCConfigurationList;
			buildConfigurations = (
				B3FF1C0327213592003319CB /* Debug */,
				B3FF1C0427213592003319CB /* Release */,
			);
			defaultConfigurationIsVisible = 0;
			defaultConfigurationName = Release;
		};
		B3FF1C0527213592003319CB /* Build configuration list for PBXNativeTarget "SMSTheBest" */ = {
			isa = XCConfigurationList;
			buildConfigurations = (
				B3FF1C0627213592003319CB /* Debug */,
				B3FF1C0727213592003319CB /* Release */,
			);
			defaultConfigurationIsVisible = 0;
			defaultConfigurationName = Release;
		};
		B3FF1C0827213592003319CB /* Build configuration list for PBXNativeTarget "SMSTheBestTests" */ = {
			isa = XCConfigurationList;
			buildConfigurations = (
				B3FF1C0927213592003319CB /* Debug */,
				B3FF1C0A27213592003319CB /* Release */,
			);
			defaultConfigurationIsVisible = 0;
			defaultConfigurationName = Release;
		};
		B3FF1C0B27213592003319CB /* Build configuration list for PBXNativeTarget "SMSTheBestUITests" */ = {
			isa = XCConfigurationList;
			buildConfigurations = (
				B3FF1C0C27213592003319CB /* Debug */,
				B3FF1C0D27213592003319CB /* Release */,
			);
			defaultConfigurationIsVisible = 0;
			defaultConfigurationName = Release;
		};
/* End XCConfigurationList section */
	};
	rootObject = B3FF1BD32721358B003319CB /* Project object */;
}
